
Microsoft Visual Studio Solution File, Format Version 12.00
# Visual Studio Version 17
VisualStudioVersion = 17.4.33110.190
MinimumVisualStudioVersion = 10.0.40219.1
Project("{FAE04EC0-301F-11D3-BF4B-00C04F79EFBC}") = "WindowsFormsApp1", "WindowsFormsApp1.csproj", "{4746D0F4-66EA-45D1-AAA4-0583729158EE}"
EndProject
Global
	GlobalSection(SolutionConfigurationPlatforms) = preSolution
		Debug|Any CPU = Debug|Any CPU
		Release|Any CPU = Release|Any CPU
	EndGlobalSection
	GlobalSection(ProjectConfigurationPlatforms) = postSolution
		{4746D0F4-66EA-45D1-AAA4-0583729158EE}.Debug|Any CPU.ActiveCfg = Debug|Any CPU
		{4746D0F4-66EA-45D1-AAA4-0583729158EE}.Debug|Any CPU.Build.0 = Debug|Any CPU
		{4746D0F4-66EA-45D1-AAA4-0583729158EE}.Release|Any CPU.ActiveCfg = Release|Any CPU
		{4746D0F4-66EA-45D1-AAA4-0583729158EE}.Release|Any CPU.Build.0 = Release|Any CPU
	EndGlobalSection
	GlobalSection(SolutionProperties) = preSolution
		HideSolutionNode = FALSE
	EndGlobalSection
	GlobalSection(ExtensibilityGlobals) = postSolution
		SolutionGuid = {0E312E25-18F5-4E8A-ADA7-F6F72B63F30B}
	EndGlobalSection
EndGlobal
